// !$*UTF8*$!
{
	archiveVersion = 1;
	classes = {
	};
	objectVersion = 46;
	objects = {

/* Begin PBXBuildFile section */
		1F7ECF051AA1AE6C00547352 /* main.m in Sources */ = {isa = PBXBuildFile; fileRef = 1F7ECF041AA1AE6C00547352 /* main.m */; };
		1F7ECF081AA1AE6C00547352 /* AppDelegate.m in Sources */ = {isa = PBXBuildFile; fileRef = 1F7ECF071AA1AE6C00547352 /* AppDelegate.m */; };
		1F7ECF0B1AA1AE6C00547352 /* ViewController.m in Sources */ = {isa = PBXBuildFile; fileRef = 1F7ECF0A1AA1AE6C00547352 /* ViewController.m */; };
		1F7ECF0E1AA1AE6C00547352 /* Main.storyboard in Resources */ = {isa = PBXBuildFile; fileRef = 1F7ECF0C1AA1AE6C00547352 /* Main.storyboard */; };
		1F7ECF101AA1AE6C00547352 /* Images.xcassets in Resources */ = {isa = PBXBuildFile; fileRef = 1F7ECF0F1AA1AE6C00547352 /* Images.xcassets */; };
		1F7ECF131AA1AE6C00547352 /* LaunchScreen.xib in Resources */ = {isa = PBXBuildFile; fileRef = 1F7ECF111AA1AE6C00547352 /* LaunchScreen.xib */; };
		1F7ECF1F1AA1AE6C00547352 /* UseFrameworksTestTests.m in Sources */ = {isa = PBXBuildFile; fileRef = 1F7ECF1E1AA1AE6C00547352 /* UseFrameworksTestTests.m */; };
		394C18FE6DFD129BA8A8628A /* libPods-UseFrameworksTest.a in Frameworks */ = {isa = PBXBuildFile; fileRef = 1F155D0755201A6B5B2F7C4F /* libPods-UseFrameworksTest.a */; };
		41B6779DB659064961DA8F3E /* Pods_UseFrameworksTestTests.framework in Frameworks */ = {isa = PBXBuildFile; fileRef = 09A6575B7E2898F38504E0ED /* Pods_UseFrameworksTestTests.framework */; settings = {ATTRIBUTES = (Weak, ); }; };
/* End PBXBuildFile section */

/* Begin PBXContainerItemProxy section */
		1F7ECF191AA1AE6C00547352 /* PBXContainerItemProxy */ = {
			isa = PBXContainerItemProxy;
			containerPortal = 1F7ECEF71AA1AE6C00547352 /* Project object */;
			proxyType = 1;
			remoteGlobalIDString = 1F7ECEFE1AA1AE6C00547352;
			remoteInfo = UseFrameworksTest;
		};
/* End PBXContainerItemProxy section */

/* Begin PBXFileReference section */
		09A6575B7E2898F38504E0ED /* Pods_UseFrameworksTestTests.framework */ = {isa = PBXFileReference; explicitFileType = wrapper.framework; includeInIndex = 0; path = Pods_UseFrameworksTestTests.framework; sourceTree = BUILT_PRODUCTS_DIR; };
		1F155D0755201A6B5B2F7C4F /* libPods-UseFrameworksTest.a */ = {isa = PBXFileReference; explicitFileType = archive.ar; includeInIndex = 0; path = "libPods-UseFrameworksTest.a"; sourceTree = BUILT_PRODUCTS_DIR; };
		1F7ECEFF1AA1AE6C00547352 /* UseFrameworksTest.app */ = {isa = PBXFileReference; explicitFileType = wrapper.application; includeInIndex = 0; path = UseFrameworksTest.app; sourceTree = BUILT_PRODUCTS_DIR; };
		1F7ECF031AA1AE6C00547352 /* Info.plist */ = {isa = PBXFileReference; lastKnownFileType = text.plist.xml; path = Info.plist; sourceTree = "<group>"; };
		1F7ECF041AA1AE6C00547352 /* main.m */ = {isa = PBXFileReference; lastKnownFileType = sourcecode.c.objc; path = main.m; sourceTree = "<group>"; };
		1F7ECF061AA1AE6C00547352 /* AppDelegate.h */ = {isa = PBXFileReference; lastKnownFileType = sourcecode.c.h; path = AppDelegate.h; sourceTree = "<group>"; };
		1F7ECF071AA1AE6C00547352 /* AppDelegate.m */ = {isa = PBXFileReference; lastKnownFileType = sourcecode.c.objc; path = AppDelegate.m; sourceTree = "<group>"; };
		1F7ECF091AA1AE6C00547352 /* ViewController.h */ = {isa = PBXFileReference; lastKnownFileType = sourcecode.c.h; path = ViewController.h; sourceTree = "<group>"; };
		1F7ECF0A1AA1AE6C00547352 /* ViewController.m */ = {isa = PBXFileReference; lastKnownFileType = sourcecode.c.objc; path = ViewController.m; sourceTree = "<group>"; };
		1F7ECF0D1AA1AE6C00547352 /* Base */ = {isa = PBXFileReference; lastKnownFileType = file.storyboard; name = Base; path = Base.lproj/Main.storyboard; sourceTree = "<group>"; };
		1F7ECF0F1AA1AE6C00547352 /* Images.xcassets */ = {isa = PBXFileReference; lastKnownFileType = folder.assetcatalog; path = Images.xcassets; sourceTree = "<group>"; };
		1F7ECF121AA1AE6C00547352 /* Base */ = {isa = PBXFileReference; lastKnownFileType = file.xib; name = Base; path = Base.lproj/LaunchScreen.xib; sourceTree = "<group>"; };
		1F7ECF181AA1AE6C00547352 /* UseFrameworksTestTests.xctest */ = {isa = PBXFileReference; explicitFileType = wrapper.cfbundle; includeInIndex = 0; path = UseFrameworksTestTests.xctest; sourceTree = BUILT_PRODUCTS_DIR; };
		1F7ECF1D1AA1AE6C00547352 /* Info.plist */ = {isa = PBXFileReference; lastKnownFileType = text.plist.xml; path = Info.plist; sourceTree = "<group>"; };
		1F7ECF1E1AA1AE6C00547352 /* UseFrameworksTestTests.m */ = {isa = PBXFileReference; lastKnownFileType = sourcecode.c.objc; path = UseFrameworksTestTests.m; sourceTree = "<group>"; };
		2BA027C5F94A9463E59CDEC0 /* Pods-UseFrameworksTestTests.debug.xcconfig */ = {isa = PBXFileReference; includeInIndex = 1; lastKnownFileType = text.xcconfig; name = "Pods-UseFrameworksTestTests.debug.xcconfig"; path = "Pods/Target Support Files/Pods-UseFrameworksTestTests/Pods-UseFrameworksTestTests.debug.xcconfig"; sourceTree = "<group>"; };
		41804589619B2939B3FEE6A5 /* Pods-UseFrameworksTest.release.xcconfig */ = {isa = PBXFileReference; includeInIndex = 1; lastKnownFileType = text.xcconfig; name = "Pods-UseFrameworksTest.release.xcconfig"; path = "Pods/Target Support Files/Pods-UseFrameworksTest/Pods-UseFrameworksTest.release.xcconfig"; sourceTree = "<group>"; };
		50ABE7A64F074CBCBD8EFC6E /* Pods-UseFrameworksTestTests.release.xcconfig */ = {isa = PBXFileReference; includeInIndex = 1; lastKnownFileType = text.xcconfig; name = "Pods-UseFrameworksTestTests.release.xcconfig"; path = "Pods/Target Support Files/Pods-UseFrameworksTestTests/Pods-UseFrameworksTestTests.release.xcconfig"; sourceTree = "<group>"; };
		79C741E9ED8CA4D105B8C2D3 /* Pods-UseFrameworksTest.debug.xcconfig */ = {isa = PBXFileReference; includeInIndex = 1; lastKnownFileType = text.xcconfig; name = "Pods-UseFrameworksTest.debug.xcconfig"; path = "Pods/Target Support Files/Pods-UseFrameworksTest/Pods-UseFrameworksTest.debug.xcconfig"; sourceTree = "<group>"; };
/* End PBXFileReference section */

/* Begin PBXFrameworksBuildPhase section */
		1F7ECEFC1AA1AE6C00547352 /* Frameworks */ = {
			isa = PBXFrameworksBuildPhase;
			buildActionMask = 2147483647;
			files = (
				394C18FE6DFD129BA8A8628A /* libPods-UseFrameworksTest.a in Frameworks */,
			);
			runOnlyForDeploymentPostprocessing = 0;
		};
		1F7ECF151AA1AE6C00547352 /* Frameworks */ = {
			isa = PBXFrameworksBuildPhase;
			buildActionMask = 2147483647;
			files = (
				41B6779DB659064961DA8F3E /* Pods_UseFrameworksTestTests.framework in Frameworks */,
			);
			runOnlyForDeploymentPostprocessing = 0;
		};
/* End PBXFrameworksBuildPhase section */

/* Begin PBXGroup section */
		1F7ECEF61AA1AE6C00547352 = {
			isa = PBXGroup;
			children = (
				1F7ECF011AA1AE6C00547352 /* UseFrameworksTest */,
				1F7ECF1B1AA1AE6C00547352 /* UseFrameworksTestTests */,
				1F7ECF001AA1AE6C00547352 /* Products */,
				6F83038EF08C03A1D01917A5 /* Pods */,
				FDF6F394ED24DAE03618206E /* Frameworks */,
			);
			sourceTree = "<group>";
		};
		1F7ECF001AA1AE6C00547352 /* Products */ = {
			isa = PBXGroup;
			children = (
				1F7ECEFF1AA1AE6C00547352 /* UseFrameworksTest.app */,
				1F7ECF181AA1AE6C00547352 /* UseFrameworksTestTests.xctest */,
			);
			name = Products;
			sourceTree = "<group>";
		};
		1F7ECF011AA1AE6C00547352 /* UseFrameworksTest */ = {
			isa = PBXGroup;
			children = (
				1F7ECF061AA1AE6C00547352 /* AppDelegate.h */,
				1F7ECF071AA1AE6C00547352 /* AppDelegate.m */,
				1F7ECF091AA1AE6C00547352 /* ViewController.h */,
				1F7ECF0A1AA1AE6C00547352 /* ViewController.m */,
				1F7ECF0C1AA1AE6C00547352 /* Main.storyboard */,
				1F7ECF0F1AA1AE6C00547352 /* Images.xcassets */,
				1F7ECF111AA1AE6C00547352 /* LaunchScreen.xib */,
				1F7ECF021AA1AE6C00547352 /* Supporting Files */,
			);
			path = UseFrameworksTest;
			sourceTree = "<group>";
		};
		1F7ECF021AA1AE6C00547352 /* Supporting Files */ = {
			isa = PBXGroup;
			children = (
				1F7ECF031AA1AE6C00547352 /* Info.plist */,
				1F7ECF041AA1AE6C00547352 /* main.m */,
			);
			name = "Supporting Files";
			sourceTree = "<group>";
		};
		1F7ECF1B1AA1AE6C00547352 /* UseFrameworksTestTests */ = {
			isa = PBXGroup;
			children = (
				1F7ECF1E1AA1AE6C00547352 /* UseFrameworksTestTests.m */,
				1F7ECF1C1AA1AE6C00547352 /* Supporting Files */,
			);
			path = UseFrameworksTestTests;
			sourceTree = "<group>";
		};
		1F7ECF1C1AA1AE6C00547352 /* Supporting Files */ = {
			isa = PBXGroup;
			children = (
				1F7ECF1D1AA1AE6C00547352 /* Info.plist */,
			);
			name = "Supporting Files";
			sourceTree = "<group>";
		};
		6F83038EF08C03A1D01917A5 /* Pods */ = {
			isa = PBXGroup;
			children = (
				79C741E9ED8CA4D105B8C2D3 /* Pods-UseFrameworksTest.debug.xcconfig */,
				41804589619B2939B3FEE6A5 /* Pods-UseFrameworksTest.release.xcconfig */,
				2BA027C5F94A9463E59CDEC0 /* Pods-UseFrameworksTestTests.debug.xcconfig */,
				50ABE7A64F074CBCBD8EFC6E /* Pods-UseFrameworksTestTests.release.xcconfig */,
			);
			name = Pods;
			sourceTree = "<group>";
		};
		FDF6F394ED24DAE03618206E /* Frameworks */ = {
			isa = PBXGroup;
			children = (
				1F155D0755201A6B5B2F7C4F /* libPods-UseFrameworksTest.a */,
				09A6575B7E2898F38504E0ED /* Pods_UseFrameworksTestTests.framework */,
			);
			name = Frameworks;
			sourceTree = "<group>";
		};
/* End PBXGroup section */

/* Begin PBXNativeTarget section */
		1F7ECEFE1AA1AE6C00547352 /* UseFrameworksTest */ = {
			isa = PBXNativeTarget;
			buildConfigurationList = 1F7ECF221AA1AE6C00547352 /* Build configuration list for PBXNativeTarget "UseFrameworksTest" */;
			buildPhases = (
				B36B9936D6E8BAB9C4608181 /* Check Pods Manifest.lock */,
				1F7ECEFB1AA1AE6C00547352 /* Sources */,
				1F7ECEFC1AA1AE6C00547352 /* Frameworks */,
				1F7ECEFD1AA1AE6C00547352 /* Resources */,
				CCD7A59027A9DF175BB03C2F /* Copy Pods Resources */,
			);
			buildRules = (
			);
			dependencies = (
			);
			name = UseFrameworksTest;
			productName = UseFrameworksTest;
			productReference = 1F7ECEFF1AA1AE6C00547352 /* UseFrameworksTest.app */;
			productType = "com.apple.product-type.application";
		};
		1F7ECF171AA1AE6C00547352 /* UseFrameworksTestTests */ = {
			isa = PBXNativeTarget;
			buildConfigurationList = 1F7ECF251AA1AE6C00547352 /* Build configuration list for PBXNativeTarget "UseFrameworksTestTests" */;
			buildPhases = (
				0F76525C5C9D3243FF06A049 /* Check Pods Manifest.lock */,
				1F7ECF141AA1AE6C00547352 /* Sources */,
				1F7ECF151AA1AE6C00547352 /* Frameworks */,
				1F7ECF161AA1AE6C00547352 /* Resources */,
				7C15C78B557A7C26E2F35F55 /* Copy Pods Resources */,
				BD3646EFC778EBDB030B5CDA /* Embed Pods Frameworks */,
			);
			buildRules = (
			);
			dependencies = (
				1F7ECF1A1AA1AE6C00547352 /* PBXTargetDependency */,
			);
			name = UseFrameworksTestTests;
			productName = UseFrameworksTestTests;
			productReference = 1F7ECF181AA1AE6C00547352 /* UseFrameworksTestTests.xctest */;
			productType = "com.apple.product-type.bundle.unit-test";
		};
/* End PBXNativeTarget section */

/* Begin PBXProject section */
		1F7ECEF71AA1AE6C00547352 /* Project object */ = {
			isa = PBXProject;
			attributes = {
				LastUpgradeCheck = 0610;
				ORGANIZATIONNAME = my.org;
				TargetAttributes = {
					1F7ECEFE1AA1AE6C00547352 = {
						CreatedOnToolsVersion = 6.1.1;
					};
					1F7ECF171AA1AE6C00547352 = {
						CreatedOnToolsVersion = 6.1.1;
						TestTargetID = 1F7ECEFE1AA1AE6C00547352;
					};
				};
			};
			buildConfigurationList = 1F7ECEFA1AA1AE6C00547352 /* Build configuration list for PBXProject "UseFrameworksTest" */;
			compatibilityVersion = "Xcode 3.2";
			developmentRegion = English;
			hasScannedForEncodings = 0;
			knownRegions = (
				en,
				Base,
			);
			mainGroup = 1F7ECEF61AA1AE6C00547352;
			productRefGroup = 1F7ECF001AA1AE6C00547352 /* Products */;
			projectDirPath = "";
			projectRoot = "";
			targets = (
				1F7ECEFE1AA1AE6C00547352 /* UseFrameworksTest */,
				1F7ECF171AA1AE6C00547352 /* UseFrameworksTestTests */,
			);
		};
/* End PBXProject section */

/* Begin PBXResourcesBuildPhase section */
		1F7ECEFD1AA1AE6C00547352 /* Resources */ = {
			isa = PBXResourcesBuildPhase;
			buildActionMask = 2147483647;
			files = (
				1F7ECF0E1AA1AE6C00547352 /* Main.storyboard in Resources */,
				1F7ECF131AA1AE6C00547352 /* LaunchScreen.xib in Resources */,
				1F7ECF101AA1AE6C00547352 /* Images.xcassets in Resources */,
			);
			runOnlyForDeploymentPostprocessing = 0;
		};
		1F7ECF161AA1AE6C00547352 /* Resources */ = {
			isa = PBXResourcesBuildPhase;
			buildActionMask = 2147483647;
			files = (
			);
			runOnlyForDeploymentPostprocessing = 0;
		};
/* End PBXResourcesBuildPhase section */

/* Begin PBXShellScriptBuildPhase section */
		0F76525C5C9D3243FF06A049 /* Check Pods Manifest.lock */ = {
			isa = PBXShellScriptBuildPhase;
			buildActionMask = 2147483647;
			files = (
			);
			inputPaths = (
			);
			name = "Check Pods Manifest.lock";
			outputPaths = (
			);
			runOnlyForDeploymentPostprocessing = 0;
			shellPath = /bin/sh;
			shellScript = "diff \"${PODS_ROOT}/../Podfile.lock\" \"${PODS_ROOT}/Manifest.lock\" > /dev/null\nif [[ $? != 0 ]] ; then\n    cat << EOM\nerror: The sandbox is not in sync with the Podfile.lock. Run 'pod install' or update your CocoaPods installation.\nEOM\n    exit 1\nfi\n";
			showEnvVarsInLog = 0;
		};
		7C15C78B557A7C26E2F35F55 /* Copy Pods Resources */ = {
			isa = PBXShellScriptBuildPhase;
			buildActionMask = 2147483647;
			files = (
			);
			inputPaths = (
			);
			name = "Copy Pods Resources";
			outputPaths = (
			);
			runOnlyForDeploymentPostprocessing = 0;
			shellPath = /bin/sh;
			shellScript = "\"${SRCROOT}/Pods/Target Support Files/Pods-UseFrameworksTestTests/Pods-UseFrameworksTestTests-resources.sh\"\n";
			showEnvVarsInLog = 0;
		};
		B36B9936D6E8BAB9C4608181 /* Check Pods Manifest.lock */ = {
			isa = PBXShellScriptBuildPhase;
			buildActionMask = 2147483647;
			files = (
			);
			inputPaths = (
			);
			name = "Check Pods Manifest.lock";
			outputPaths = (
			);
			runOnlyForDeploymentPostprocessing = 0;
			shellPath = /bin/sh;
			shellScript = "diff \"${PODS_ROOT}/../Podfile.lock\" \"${PODS_ROOT}/Manifest.lock\" > /dev/null\nif [[ $? != 0 ]] ; then\n    cat << EOM\nerror: The sandbox is not in sync with the Podfile.lock. Run 'pod install' or update your CocoaPods installation.\nEOM\n    exit 1\nfi\n";
			showEnvVarsInLog = 0;
		};
		BD3646EFC778EBDB030B5CDA /* Embed Pods Frameworks */ = {
			isa = PBXShellScriptBuildPhase;
			buildActionMask = 2147483647;
			files = (
			);
			inputPaths = (
			);
			name = "Embed Pods Frameworks";
			outputPaths = (
			);
			runOnlyForDeploymentPostprocessing = 0;
			shellPath = /bin/sh;
			shellScript = "\"${SRCROOT}/Pods/Target Support Files/Pods-UseFrameworksTestTests/Pods-UseFrameworksTestTests-frameworks.sh\"\n";
			showEnvVarsInLog = 0;
		};
		CCD7A59027A9DF175BB03C2F /* Copy Pods Resources */ = {
			isa = PBXShellScriptBuildPhase;
			buildActionMask = 2147483647;
			files = (
			);
			inputPaths = (
			);
			name = "Copy Pods Resources";
			outputPaths = (
			);
			runOnlyForDeploymentPostprocessing = 0;
			shellPath = /bin/sh;
			shellScript = "\"${SRCROOT}/Pods/Target Support Files/Pods-UseFrameworksTest/Pods-UseFrameworksTest-resources.sh\"\n";
			showEnvVarsInLog = 0;
		};
/* End PBXShellScriptBuildPhase section */

/* Begin PBXSourcesBuildPhase section */
		1F7ECEFB1AA1AE6C00547352 /* Sources */ = {
			isa = PBXSourcesBuildPhase;
			buildActionMask = 2147483647;
			files = (
				1F7ECF0B1AA1AE6C00547352 /* ViewController.m in Sources */,
				1F7ECF081AA1AE6C00547352 /* AppDelegate.m in Sources */,
				1F7ECF051AA1AE6C00547352 /* main.m in Sources */,
			);
			runOnlyForDeploymentPostprocessing = 0;
		};
		1F7ECF141AA1AE6C00547352 /* Sources */ = {
			isa = PBXSourcesBuildPhase;
			buildActionMask = 2147483647;
			files = (
				1F7ECF1F1AA1AE6C00547352 /* UseFrameworksTestTests.m in Sources */,
			);
			runOnlyForDeploymentPostprocessing = 0;
		};
/* End PBXSourcesBuildPhase section */

/* Begin PBXTargetDependency section */
		1F7ECF1A1AA1AE6C00547352 /* PBXTargetDependency */ = {
			isa = PBXTargetDependency;
			target = 1F7ECEFE1AA1AE6C00547352 /* UseFrameworksTest */;
			targetProxy = 1F7ECF191AA1AE6C00547352 /* PBXContainerItemProxy */;
		};
/* End PBXTargetDependency section */

/* Begin PBXVariantGroup section */
		1F7ECF0C1AA1AE6C00547352 /* Main.storyboard */ = {
			isa = PBXVariantGroup;
			children = (
				1F7ECF0D1AA1AE6C00547352 /* Base */,
			);
			name = Main.storyboard;
			sourceTree = "<group>";
		};
		1F7ECF111AA1AE6C00547352 /* LaunchScreen.xib */ = {
			isa = PBXVariantGroup;
			children = (
				1F7ECF121AA1AE6C00547352 /* Base */,
			);
			name = LaunchScreen.xib;
			sourceTree = "<group>";
		};
/* End PBXVariantGroup section */

/* Begin XCBuildConfiguration section */
		1F7ECF201AA1AE6C00547352 /* Debug */ = {
			isa = XCBuildConfiguration;
			buildSettings = {
				ALWAYS_SEARCH_USER_PATHS = NO;
				CLANG_CXX_LANGUAGE_STANDARD = "gnu++0x";
				CLANG_CXX_LIBRARY = "libc++";
				CLANG_ENABLE_MODULES = YES;
				CLANG_ENABLE_OBJC_ARC = YES;
				CLANG_WARN_BOOL_CONVERSION = YES;
				CLANG_WARN_CONSTANT_CONVERSION = YES;
				CLANG_WARN_DIRECT_OBJC_ISA_USAGE = YES_ERROR;
				CLANG_WARN_EMPTY_BODY = YES;
				CLANG_WARN_ENUM_CONVERSION = YES;
				CLANG_WARN_INT_CONVERSION = YES;
				CLANG_WARN_OBJC_ROOT_CLASS = YES_ERROR;
				CLANG_WARN_UNREACHABLE_CODE = YES;
				CLANG_WARN__DUPLICATE_METHOD_MATCH = YES;
				"CODE_SIGN_IDENTITY[sdk=iphoneos*]" = "iPhone Developer";
				COPY_PHASE_STRIP = NO;
				ENABLE_STRICT_OBJC_MSGSEND = YES;
				GCC_C_LANGUAGE_STANDARD = gnu99;
				GCC_DYNAMIC_NO_PIC = NO;
				GCC_OPTIMIZATION_LEVEL = 0;
				GCC_PREPROCESSOR_DEFINITIONS = (
					"DEBUG=1",
					"$(inherited)",
				);
				GCC_SYMBOLS_PRIVATE_EXTERN = NO;
				GCC_WARN_64_TO_32_BIT_CONVERSION = YES;
				GCC_WARN_ABOUT_RETURN_TYPE = YES_ERROR;
				GCC_WARN_UNDECLARED_SELECTOR = YES;
				GCC_WARN_UNINITIALIZED_AUTOS = YES_AGGRESSIVE;
				GCC_WARN_UNUSED_FUNCTION = YES;
				GCC_WARN_UNUSED_VARIABLE = YES;
				IPHONEOS_DEPLOYMENT_TARGET = 8.1;
				MTL_ENABLE_DEBUG_INFO = YES;
				ONLY_ACTIVE_ARCH = YES;
				SDKROOT = iphoneos;
				TARGETED_DEVICE_FAMILY = "1,2";
			};
			name = Debug;
		};
		1F7ECF211AA1AE6C00547352 /* Release */ = {
			isa = XCBuildConfiguration;
			buildSettings = {
				ALWAYS_SEARCH_USER_PATHS = NO;
				CLANG_CXX_LANGUAGE_STANDARD = "gnu++0x";
				CLANG_CXX_LIBRARY = "libc++";
				CLANG_ENABLE_MODULES = YES;
				CLANG_ENABLE_OBJC_ARC = YES;
				CLANG_WARN_BOOL_CONVERSION = YES;
				CLANG_WARN_CONSTANT_CONVERSION = YES;
				CLANG_WARN_DIRECT_OBJC_ISA_USAGE = YES_ERROR;
				CLANG_WARN_EMPTY_BODY = YES;
				CLANG_WARN_ENUM_CONVERSION = YES;
				CLANG_WARN_INT_CONVERSION = YES;
				CLANG_WARN_OBJC_ROOT_CLASS = YES_ERROR;
				CLANG_WARN_UNREACHABLE_CODE = YES;
				CLANG_WARN__DUPLICATE_METHOD_MATCH = YES;
				"CODE_SIGN_IDENTITY[sdk=iphoneos*]" = "iPhone Developer";
				COPY_PHASE_STRIP = YES;
				ENABLE_NS_ASSERTIONS = NO;
				ENABLE_STRICT_OBJC_MSGSEND = YES;
				GCC_C_LANGUAGE_STANDARD = gnu99;
				GCC_WARN_64_TO_32_BIT_CONVERSION = YES;
				GCC_WARN_ABOUT_RETURN_TYPE = YES_ERROR;
				GCC_WARN_UNDECLARED_SELECTOR = YES;
				GCC_WARN_UNINITIALIZED_AUTOS = YES_AGGRESSIVE;
				GCC_WARN_UNUSED_FUNCTION = YES;
				GCC_WARN_UNUSED_VARIABLE = YES;
				IPHONEOS_DEPLOYMENT_TARGET = 8.1;
				MTL_ENABLE_DEBUG_INFO = NO;
				SDKROOT = iphoneos;
				TARGETED_DEVICE_FAMILY = "1,2";
				VALIDATE_PRODUCT = YES;
			};
			name = Release;
		};
		1F7ECF231AA1AE6C00547352 /* Debug */ = {
			isa = XCBuildConfiguration;
			baseConfigurationReference = 79C741E9ED8CA4D105B8C2D3 /* Pods-UseFrameworksTest.debug.xcconfig */;
			buildSettings = {
				ASSETCATALOG_COMPILER_APPICON_NAME = AppIcon;
				INFOPLIST_FILE = UseFrameworksTest/Info.plist;
				LD_RUNPATH_SEARCH_PATHS = "$(inherited) @executable_path/Frameworks";
				PRODUCT_NAME = "$(TARGET_NAME)";
			};
			name = Debug;
		};
		1F7ECF241AA1AE6C00547352 /* Release */ = {
			isa = XCBuildConfiguration;
			baseConfigurationReference = 41804589619B2939B3FEE6A5 /* Pods-UseFrameworksTest.release.xcconfig */;
			buildSettings = {
				ASSETCATALOG_COMPILER_APPICON_NAME = AppIcon;
				INFOPLIST_FILE = UseFrameworksTest/Info.plist;
				LD_RUNPATH_SEARCH_PATHS = "$(inherited) @executable_path/Frameworks";
				PRODUCT_NAME = "$(TARGET_NAME)";
			};
			name = Release;
		};
		1F7ECF261AA1AE6C00547352 /* Debug */ = {
			isa = XCBuildConfiguration;
			baseConfigurationReference = 2BA027C5F94A9463E59CDEC0 /* Pods-UseFrameworksTestTests.debug.xcconfig */;
			buildSettings = {
				BUNDLE_LOADER = "$(TEST_HOST)";
				FRAMEWORK_SEARCH_PATHS = (
					"$(SDKROOT)/Developer/Library/Frameworks",
					"$(inherited)",
				);
				GCC_PREPROCESSOR_DEFINITIONS = (
					"DEBUG=1",
					"$(inherited)",
				);
				INFOPLIST_FILE = UseFrameworksTestTests/Info.plist;
				LD_RUNPATH_SEARCH_PATHS = "$(inherited) @executable_path/Frameworks @loader_path/Frameworks";
				PRODUCT_NAME = "$(TARGET_NAME)";
				TEST_HOST = "$(BUILT_PRODUCTS_DIR)/UseFrameworksTest.app/UseFrameworksTest";
			};
			name = Debug;
		};
		1F7ECF271AA1AE6C00547352 /* Release */ = {
			isa = XCBuildConfiguration;
			baseConfigurationReference = 50ABE7A64F074CBCBD8EFC6E /* Pods-UseFrameworksTestTests.release.xcconfig */;
			buildSettings = {
				BUNDLE_LOADER = "$(TEST_HOST)";
				FRAMEWORK_SEARCH_PATHS = (
					"$(SDKROOT)/Developer/Library/Frameworks",
					"$(inherited)",
				);
				INFOPLIST_FILE = UseFrameworksTestTests/Info.plist;
				LD_RUNPATH_SEARCH_PATHS = "$(inherited) @executable_path/Frameworks @loader_path/Frameworks";
				PRODUCT_NAME = "$(TARGET_NAME)";
				TEST_HOST = "$(BUILT_PRODUCTS_DIR)/UseFrameworksTest.app/UseFrameworksTest";
			};
			name = Release;
		};
/* End XCBuildConfiguration section */

/* Begin XCConfigurationList section */
		1F7ECEFA1AA1AE6C00547352 /* Build configuration list for PBXProject "UseFrameworksTest" */ = {
			isa = XCConfigurationList;
			buildConfigurations = (
				1F7ECF201AA1AE6C00547352 /* Debug */,
				1F7ECF211AA1AE6C00547352 /* Release */,
			);
			defaultConfigurationIsVisible = 0;
			defaultConfigurationName = Release;
		};
		1F7ECF221AA1AE6C00547352 /* Build configuration list for PBXNativeTarget "UseFrameworksTest" */ = {
			isa = XCConfigurationList;
			buildConfigurations = (
				1F7ECF231AA1AE6C00547352 /* Debug */,
				1F7ECF241AA1AE6C00547352 /* Release */,
			);
			defaultConfigurationIsVisible = 0;
			defaultConfigurationName = Release;
		};
		1F7ECF251AA1AE6C00547352 /* Build configuration list for PBXNativeTarget "UseFrameworksTestTests" */ = {
			isa = XCConfigurationList;
			buildConfigurations = (
				1F7ECF261AA1AE6C00547352 /* Debug */,
				1F7ECF271AA1AE6C00547352 /* Release */,
			);
			defaultConfigurationIsVisible = 0;
			defaultConfigurationName = Release;
		};
/* End XCConfigurationList section */
	};
	rootObject = 1F7ECEF71AA1AE6C00547352 /* Project object */;
}
